
Microsoft Visual Studio Solution File, Format Version 12.00
# Visual Studio 15
Project("{FAE04EC0-301F-11D3-BF4B-00C04F79EFBC}") = "UnityEngine.UI", "UnityEngine.UI.csproj", "{CBEE6B05-7AF7-C640-2B89-17E2DDF74CFB}"
EndProject
Project("{FAE04EC0-301F-11D3-BF4B-00C04F79EFBC}") = "Unity.RenderPipelines.Core.Runtime", "Unity.RenderPipelines.Core.Runtime.csproj", "{BA912CCF-27A1-80B0-C5D1-3A3719BFE23F}"
EndProject
Project("{FAE04EC0-301F-11D3-BF4B-00C04F79EFBC}") = "UnityEngine.TestRunner", "UnityEngine.TestRunner.csproj", "{73135984-F0CA-C2DB-CC7A-8BA443598786}"
EndProject
Project("{FAE04EC0-301F-11D3-BF4B-00C04F79EFBC}") = "Unity.InputSystem", "Unity.InputSystem.csproj", "{FD6DAE5A-FBA7-D464-2183-CE83FA8FAC78}"
EndProject
Project("{FAE04EC0-301F-11D3-BF4B-00C04F79EFBC}") = "Unity.VisualScripting.State", "Unity.VisualScripting.State.csproj", "{F67577C0-CD28-06F3-0B09-8407027F2EA1}"
EndProject
Project("{FAE04EC0-301F-11D3-BF4B-00C04F79EFBC}") = "Unity.RenderPipelines.Universal.Runtime", "Unity.RenderPipelines.Universal.Runtime.csproj", "{B178F88C-16A6-41DF-C198-145D1F138C99}"
EndProject
Project("{FAE04EC0-301F-11D3-BF4B-00C04F79EFBC}") = "Unity.Postprocessing.Runtime", "Unity.Postprocessing.Runtime.csproj", "{2FC468FB-17CD-31FB-9442-83BE729956E2}"
EndProject
Project("{FAE04EC0-301F-11D3-BF4B-00C04F79EFBC}") = "Unity.VisualScripting.Flow", "Unity.VisualScripting.Flow.csproj", "{1729E215-6F20-AE90-D315-B379715AEE58}"
EndProject
Project("{FAE04EC0-301F-11D3-BF4B-00C04F79EFBC}") = "Unity.VisualScripting.Core", "Unity.VisualScripting.Core.csproj", "{27163BE0-FF3E-70E6-A93C-F8388C0E660F}"
EndProject
Project("{FAE04EC0-301F-11D3-BF4B-00C04F79EFBC}") = "Unity.Animation.Rigging", "Unity.Animation.Rigging.csproj", "{ED9CC23B-2353-1E57-D884-B8371E546E8D}"
EndProject
Project("{FAE04EC0-301F-11D3-BF4B-00C04F79EFBC}") = "Assembly-CSharp", "Assembly-CSharp.csproj", "{44996401-0BC2-05A4-C38E-06E316D044A7}"
EndProject
Project("{FAE04EC0-301F-11D3-BF4B-00C04F79EFBC}") = "Unity.TextMeshPro", "Unity.TextMeshPro.csproj", "{0CBA3812-C756-27E2-074C-4B4F3F1EF117}"
EndProject
Project("{FAE04EC0-301F-11D3-BF4B-00C04F79EFBC}") = "Unity.Burst", "Unity.Burst.csproj", "{25E38346-69A7-CF0C-6B5C-CAE718DDF832}"
EndProject
Project("{FAE04EC0-301F-11D3-BF4B-00C04F79EFBC}") = "Autodesk.Fbx", "Autodesk.Fbx.csproj", "{AD951239-00E3-31A1-310D-34855C52596E}"
EndProject
Project("{FAE04EC0-301F-11D3-BF4B-00C04F79EFBC}") = "Unity.RenderPipeline.Universal.ShaderLibrary", "Unity.RenderPipeline.Universal.ShaderLibrary.csproj", "{A6305DFF-5350-A910-6758-32FE6D386DAF}"
EndProject
Project("{FAE04EC0-301F-11D3-BF4B-00C04F79EFBC}") = "Cinemachine", "Cinemachine.csproj", "{617FB85C-05C2-A458-3F21-C656500EE049}"
EndProject
Project("{FAE04EC0-301F-11D3-BF4B-00C04F79EFBC}") = "Unity.ProBuilder.Poly2Tri", "Unity.ProBuilder.Poly2Tri.csproj", "{F311F8E3-2116-EE88-8C40-F2F915BBF68C}"
EndProject
Project("{FAE04EC0-301F-11D3-BF4B-00C04F79EFBC}") = "Unity.Polybrush", "Unity.Polybrush.csproj", "{054A8273-28A4-650E-80A8-9D8F228D9342}"
EndProject
Project("{FAE04EC0-301F-11D3-BF4B-00C04F79EFBC}") = "Unity.ProBuilder", "Unity.ProBuilder.csproj", "{33C8C2E3-1E1F-D114-1B94-453179E415C0}"
EndProject
Project("{FAE04EC0-301F-11D3-BF4B-00C04F79EFBC}") = "Unity.Timeline", "Unity.Timeline.csproj", "{68E37D47-A2A9-E2EE-E481-7B65C1AD8D41}"
EndProject
Project("{FAE04EC0-301F-11D3-BF4B-00C04F79EFBC}") = "Unity.Mathematics", "Unity.Mathematics.csproj", "{7DAEE5A2-749D-FEA5-5EF0-318249597DA7}"
EndProject
Project("{FAE04EC0-301F-11D3-BF4B-00C04F79EFBC}") = "Unity.TerrainTools", "Unity.TerrainTools.csproj", "{999828B8-8F56-97FC-5745-024ECA2464C1}"
EndProject
Project("{FAE04EC0-301F-11D3-BF4B-00C04F79EFBC}") = "Unity.Recorder", "Unity.Recorder.csproj", "{1154844D-4E87-2222-7646-95D7BA43C74E}"
EndProject
Project("{FAE04EC0-301F-11D3-BF4B-00C04F79EFBC}") = "Unity.Formats.Fbx.Runtime", "Unity.Formats.Fbx.Runtime.csproj", "{28413EF7-8CEF-A2C0-4A56-982D3C6EB5D7}"
EndProject
Project("{FAE04EC0-301F-11D3-BF4B-00C04F79EFBC}") = "Unity.ProBuilder.KdTree", "Unity.ProBuilder.KdTree.csproj", "{65733094-1791-3943-14D9-7667B26DA9B2}"
EndProject
Project("{FAE04EC0-301F-11D3-BF4B-00C04F79EFBC}") = "Unity.ProBuilder.Csg", "Unity.ProBuilder.Csg.csproj", "{4A3DD522-2213-340C-BD9F-9404B2F5835B}"
EndProject
Project("{FAE04EC0-301F-11D3-BF4B-00C04F79EFBC}") = "Unity.ProBuilder.Stl", "Unity.ProBuilder.Stl.csproj", "{D8F8D818-04CD-A361-45B5-0B5F0BB34F90}"
EndProject
Project("{FAE04EC0-301F-11D3-BF4B-00C04F79EFBC}") = "Unity.RenderPipelines.ShaderGraph.ShaderGraphLibrary", "Unity.RenderPipelines.ShaderGraph.ShaderGraphLibrary.csproj", "{18EF7F6A-8586-5A37-7DA6-DA647E7395E1}"
EndProject
Project("{FAE04EC0-301F-11D3-BF4B-00C04F79EFBC}") = "Unity.InputSystem.TestFramework", "Unity.InputSystem.TestFramework.csproj", "{3FDCEF88-8997-0CCD-FFE8-03753ABE0105}"
EndProject
Project("{FAE04EC0-301F-11D3-BF4B-00C04F79EFBC}") = "Unity.RenderPipelines.Core.ShaderLibrary", "Unity.RenderPipelines.Core.ShaderLibrary.csproj", "{41326469-021C-31C0-CC6F-6C527930E155}"
EndProject
Project("{FAE04EC0-301F-11D3-BF4B-00C04F79EFBC}") = "Unity.Recorder.Base", "Unity.Recorder.Base.csproj", "{15BC07CA-A2AA-5777-AB2B-8071EA002DA3}"
EndProject
Project("{FAE04EC0-301F-11D3-BF4B-00C04F79EFBC}") = "FbxBuildTestAssets", "FbxBuildTestAssets.csproj", "{D586EDDC-0EA2-3878-1E1A-A7AE545A52F1}"
EndProject
Project("{FAE04EC0-301F-11D3-BF4B-00C04F79EFBC}") = "Unity.RenderPipelines.Universal.Shaders", "Unity.RenderPipelines.Universal.Shaders.csproj", "{44C8D696-941C-60D8-793C-BF203D1108E9}"
EndProject
Project("{FAE04EC0-301F-11D3-BF4B-00C04F79EFBC}") = "Unity.2D.IK.Runtime", "Unity.2D.IK.Runtime.csproj", "{D18A0884-3D43-3D7F-B04C-5F6ECDEF3B39}"
EndProject
Project("{FAE04EC0-301F-11D3-BF4B-00C04F79EFBC}") = "Unity.2D.Animation.Runtime", "Unity.2D.Animation.Runtime.csproj", "{8D3FF2CF-AF43-AA57-6497-59276B45CE50}"
EndProject
Project("{FAE04EC0-301F-11D3-BF4B-00C04F79EFBC}") = "Unity.2D.Common.Runtime", "Unity.2D.Common.Runtime.csproj", "{73600A34-A169-8E63-2794-92E76644563C}"
EndProject
Project("{FAE04EC0-301F-11D3-BF4B-00C04F79EFBC}") = "Unity.InternalAPIEngineBridge.001", "Unity.InternalAPIEngineBridge.001.csproj", "{F481E86D-ED7E-9B89-9258-301B1523A20E}"
EndProject
Project("{FAE04EC0-301F-11D3-BF4B-00C04F79EFBC}") = "Unity.PlasticSCM.Editor", "Unity.PlasticSCM.Editor.csproj", "{52660B09-A435-BE00-8548-43BFA44ED0F5}"
EndProject
Project("{FAE04EC0-301F-11D3-BF4B-00C04F79EFBC}") = "Unity.VisualScripting.Core.Editor", "Unity.VisualScripting.Core.Editor.csproj", "{012D9804-4469-4698-004A-A8F483834564}"
EndProject
Project("{FAE04EC0-301F-11D3-BF4B-00C04F79EFBC}") = "Unity.ShaderGraph.Editor", "Unity.ShaderGraph.Editor.csproj", "{7FD7C2E1-4244-C94C-6AAA-D4123DC3CA4C}"
EndProject
Project("{FAE04EC0-301F-11D3-BF4B-00C04F79EFBC}") = "Unity.TerrainTools.Editor", "Unity.TerrainTools.Editor.csproj", "{352CE7A1-8F1D-6A07-6330-1387D51517B6}"
EndProject
Project("{FAE04EC0-301F-11D3-BF4B-00C04F79EFBC}") = "Unity.Formats.Fbx.Editor", "Unity.Formats.Fbx.Editor.csproj", "{1A5C5831-8CC0-713F-C483-F8D8E729E816}"
EndProject
Project("{FAE04EC0-301F-11D3-BF4B-00C04F79EFBC}") = "Unity.Timeline.Editor", "Unity.Timeline.Editor.csproj", "{F5848CD7-B59D-D08B-7D45-4663026394A1}"
EndProject
Project("{FAE04EC0-301F-11D3-BF4B-00C04F79EFBC}") = "Unity.ProBuilder.Editor", "Unity.ProBuilder.Editor.csproj", "{CD882FB8-B577-C938-ADE2-72AD2523A0F6}"
EndProject
Project("{FAE04EC0-301F-11D3-BF4B-00C04F79EFBC}") = "Unity.RenderPipelines.Universal.Editor", "Unity.RenderPipelines.Universal.Editor.csproj", "{58F749D6-7029-50A1-76C2-058958E46F61}"
EndProject
Project("{FAE04EC0-301F-11D3-BF4B-00C04F79EFBC}") = "com.unity.cinemachine.editor", "com.unity.cinemachine.editor.csproj", "{9E8FDE04-D431-EB73-B35B-1C51C22CFD7D}"
EndProject
Project("{FAE04EC0-301F-11D3-BF4B-00C04F79EFBC}") = "Unity.Recorder.Editor", "Unity.Recorder.Editor.csproj", "{DBE41FFF-048F-B651-E8D1-D54F5A115450}"
EndProject
Project("{FAE04EC0-301F-11D3-BF4B-00C04F79EFBC}") = "Unity.TextMeshPro.Editor", "Unity.TextMeshPro.Editor.csproj", "{F58D6B48-E967-A9EB-DBEE-9024ABABC921}"
EndProject
Project("{FAE04EC0-301F-11D3-BF4B-00C04F79EFBC}") = "Unity.VisualScripting.SettingsProvider.Editor", "Unity.VisualScripting.SettingsProvider.Editor.csproj", "{8CE415B8-55AB-B114-9001-A47A932CF073}"
EndProject
Project("{FAE04EC0-301F-11D3-BF4B-00C04F79EFBC}") = "UnityEditor.TestRunner", "UnityEditor.TestRunner.csproj", "{3826D6DA-95E7-A745-3C2B-8399F3F14908}"
EndProject
Project("{FAE04EC0-301F-11D3-BF4B-00C04F79EFBC}") = "Unity.TestTools.CodeCoverage.Editor", "Unity.TestTools.CodeCoverage.Editor.csproj", "{AED4B51D-7FA5-305C-D6BA-B61A63AB2FF0}"
EndProject
Project("{FAE04EC0-301F-11D3-BF4B-00C04F79EFBC}") = "Unity.VisualScripting.Flow.Editor", "Unity.VisualScripting.Flow.Editor.csproj", "{79F95D55-6622-212B-D52B-D12773221F04}"
EndProject
Project("{FAE04EC0-301F-11D3-BF4B-00C04F79EFBC}") = "Unity.Polybrush.Editor", "Unity.Polybrush.Editor.csproj", "{73BF391D-04B4-887F-10A0-9159CC1A2018}"
EndProject
Project("{FAE04EC0-301F-11D3-BF4B-00C04F79EFBC}") = "Unity.Rider.Editor", "Unity.Rider.Editor.csproj", "{09BBBD68-6561-85C8-5989-E03F14E4A527}"
EndProject
Project("{FAE04EC0-301F-11D3-BF4B-00C04F79EFBC}") = "Unity.Performance.Profile-Analyzer.Editor", "Unity.Performance.Profile-Analyzer.Editor.csproj", "{EFE6271C-3B7B-3A2E-C340-668348745964}"
EndProject
Project("{FAE04EC0-301F-11D3-BF4B-00C04F79EFBC}") = "Unity.RenderPipelines.Core.Editor", "Unity.RenderPipelines.Core.Editor.csproj", "{ED0D3313-A88E-AECA-5FB4-EEDB0541F2DA}"
EndProject
Project("{FAE04EC0-301F-11D3-BF4B-00C04F79EFBC}") = "Unity.Postprocessing.Editor", "Unity.Postprocessing.Editor.csproj", "{26D200B0-3E18-84B3-47D5-11FA9DDD729C}"
EndProject
Project("{FAE04EC0-301F-11D3-BF4B-00C04F79EFBC}") = "Unity.Burst.CodeGen", "Unity.Burst.CodeGen.csproj", "{5367DB9A-1B4A-772B-7019-C6DCF3C71FF6}"
EndProject
Project("{FAE04EC0-301F-11D3-BF4B-00C04F79EFBC}") = "Unity.VSCode.Editor", "Unity.VSCode.Editor.csproj", "{29613A4B-E1A8-37C5-0D90-F8093376EE22}"
EndProject
Project("{FAE04EC0-301F-11D3-BF4B-00C04F79EFBC}") = "Unity.VisualStudio.Editor", "Unity.VisualStudio.Editor.csproj", "{3DA85F89-C464-0C89-F500-C689B1A069BA}"
EndProject
Project("{FAE04EC0-301F-11D3-BF4B-00C04F79EFBC}") = "Unity.TestTools.CodeCoverage.Editor.OpenCover.Model", "Unity.TestTools.CodeCoverage.Editor.OpenCover.Model.csproj", "{00D18239-5ED6-EE0B-CF4B-64D55EF69D19}"
EndProject
Project("{FAE04EC0-301F-11D3-BF4B-00C04F79EFBC}") = "Unity.Settings.Editor", "Unity.Settings.Editor.csproj", "{46E41265-9625-7294-719E-2C4C04C077F5}"
EndProject
Project("{FAE04EC0-301F-11D3-BF4B-00C04F79EFBC}") = "PPv2URPConverters", "PPv2URPConverters.csproj", "{460FB993-8AC3-FA54-DBB0-EB4094557379}"
EndProject
Project("{FAE04EC0-301F-11D3-BF4B-00C04F79EFBC}") = "Unity.Animation.Rigging.Editor", "Unity.Animation.Rigging.Editor.csproj", "{6FD330D3-6435-7179-B98E-A47C3A6FEFD9}"
EndProject
Project("{FAE04EC0-301F-11D3-BF4B-00C04F79EFBC}") = "Unity.CollabProxy.Editor", "Unity.CollabProxy.Editor.csproj", "{A0BB51A7-28AC-62AE-D8E7-5DC4B179927A}"
EndProject
Project("{FAE04EC0-301F-11D3-BF4B-00C04F79EFBC}") = "Unity.VisualScripting.State.Editor", "Unity.VisualScripting.State.Editor.csproj", "{5841BD55-7EA0-B5B6-2A7C-6F6FAC6E26FA}"
EndProject
Project("{FAE04EC0-301F-11D3-BF4B-00C04F79EFBC}") = "UnityEditor.UI", "UnityEditor.UI.csproj", "{A9F94CCB-B1D8-F8D7-A7D8-7BF2F94D6BAB}"
EndProject
Project("{FAE04EC0-301F-11D3-BF4B-00C04F79EFBC}") = "Unity.Searcher.Editor", "Unity.Searcher.Editor.csproj", "{DFD7F6CB-E487-20D5-5CFF-CEEC5F5AA8AD}"
EndProject
Project("{FAE04EC0-301F-11D3-BF4B-00C04F79EFBC}") = "Unity.Burst.Editor", "Unity.Burst.Editor.csproj", "{275D90BD-DA60-D043-16FF-389FF5841FA1}"
EndProject
Project("{FAE04EC0-301F-11D3-BF4B-00C04F79EFBC}") = "Unity.Play.Publisher.Editor", "Unity.Play.Publisher.Editor.csproj", "{72C48BB5-5B8A-4FB2-F246-7A1EB18B0F32}"
EndProject
Project("{FAE04EC0-301F-11D3-BF4B-00C04F79EFBC}") = "Unity.ProBuilder.AssetIdRemapUtility", "Unity.ProBuilder.AssetIdRemapUtility.csproj", "{E6E48F3A-C7BD-E408-7266-D07EC1276945}"
EndProject
Project("{FAE04EC0-301F-11D3-BF4B-00C04F79EFBC}") = "Unity.ShaderGraph.Utilities", "Unity.ShaderGraph.Utilities.csproj", "{F2FE6EBA-1F22-AA08-2335-5FF55FE51A94}"
EndProject
Project("{FAE04EC0-301F-11D3-BF4B-00C04F79EFBC}") = "Unity.InternalAPIEditorBridgeDev.001", "Unity.InternalAPIEditorBridgeDev.001.csproj", "{027E6B91-5020-9996-A1A3-E65A8A8CB0F8}"
EndProject
Project("{FAE04EC0-301F-11D3-BF4B-00C04F79EFBC}") = "Unity.Mathematics.Editor", "Unity.Mathematics.Editor.csproj", "{BF3529F0-8642-B976-9ADF-0093F8ED7AAE}"
EndProject
Project("{FAE04EC0-301F-11D3-BF4B-00C04F79EFBC}") = "Unity.TestTools.CodeCoverage.Editor.OpenCover.Mono.Reflection", "Unity.TestTools.CodeCoverage.Editor.OpenCover.Mono.Reflection.csproj", "{E1338D02-BA15-0A2C-C915-8CE1DE8301F4}"
EndProject
Project("{FAE04EC0-301F-11D3-BF4B-00C04F79EFBC}") = "Unity.ProBuilder.AddOns.Editor", "Unity.ProBuilder.AddOns.Editor.csproj", "{46E12EB0-00A2-48BB-D6B0-7CF75F58A126}"
EndProject
Project("{FAE04EC0-301F-11D3-BF4B-00C04F79EFBC}") = "Unity.EditorCoroutines.Editor", "Unity.EditorCoroutines.Editor.csproj", "{98F92E17-48E4-DF36-B0B0-2FEF1542FCA0}"
EndProject
Project("{FAE04EC0-301F-11D3-BF4B-00C04F79EFBC}") = "Autodesk.Fbx.Editor", "Autodesk.Fbx.Editor.csproj", "{3F3C2A72-FC5A-E6F9-3835-6C1FCB92A859}"
EndProject
Project("{FAE04EC0-301F-11D3-BF4B-00C04F79EFBC}") = "Unity.VisualScripting.Shared.Editor", "Unity.VisualScripting.Shared.Editor.csproj", "{8C143161-28CF-763E-8780-BEEEA8118272}"
EndProject
Project("{FAE04EC0-301F-11D3-BF4B-00C04F79EFBC}") = "Unity.2D.Animation.Editor", "Unity.2D.Animation.Editor.csproj", "{83027A5D-3240-8262-2431-B1D23289A910}"
EndProject
Project("{FAE04EC0-301F-11D3-BF4B-00C04F79EFBC}") = "Unity.2D.IK.Editor", "Unity.2D.IK.Editor.csproj", "{EC4B1C98-AE7F-F332-84F7-9B1463788A69}"
EndProject
Project("{FAE04EC0-301F-11D3-BF4B-00C04F79EFBC}") = "Unity.2D.Sprite.Editor", "Unity.2D.Sprite.Editor.csproj", "{208079EB-1A7F-D9C7-E67C-18941EBEEE9B}"
EndProject
Project("{FAE04EC0-301F-11D3-BF4B-00C04F79EFBC}") = "Unity.InternalAPIEditorBridge.001", "Unity.InternalAPIEditorBridge.001.csproj", "{4CBE64AE-E7A3-6B1D-E5BE-740398CB46F4}"
EndProject
Project("{FAE04EC0-301F-11D3-BF4B-00C04F79EFBC}") = "Unity.2D.Common.Editor", "Unity.2D.Common.Editor.csproj", "{8C66BCFF-3586-0F37-0680-D570B2AF8DC3}"
EndProject
Project("{FAE04EC0-301F-11D3-BF4B-00C04F79EFBC}") = "UnityEngine.UI", "UnityEngine.UI.Player.csproj", "{4831C948-A251-FD1A-AF15-0D78695C852E}"
EndProject
Project("{FAE04EC0-301F-11D3-BF4B-00C04F79EFBC}") = "Unity.RenderPipelines.Core.Runtime", "Unity.RenderPipelines.Core.Runtime.Player.csproj", "{917037E3-4980-34E7-C01D-949FAF10AB05}"
EndProject
Project("{FAE04EC0-301F-11D3-BF4B-00C04F79EFBC}") = "UnityEngine.TestRunner", "UnityEngine.TestRunner.Player.csproj", "{35BA75D7-AA17-C99D-8C12-2E91D7994E88}"
EndProject
Project("{FAE04EC0-301F-11D3-BF4B-00C04F79EFBC}") = "Unity.InputSystem", "Unity.InputSystem.Player.csproj", "{D7822626-61FF-50EC-F7D3-6DA280772880}"
EndProject
Project("{FAE04EC0-301F-11D3-BF4B-00C04F79EFBC}") = "Unity.VisualScripting.State", "Unity.VisualScripting.State.Player.csproj", "{04DBC491-9BDB-A559-1570-E95DF5C64D5D}"
EndProject
Project("{FAE04EC0-301F-11D3-BF4B-00C04F79EFBC}") = "Unity.RenderPipelines.Universal.Runtime", "Unity.RenderPipelines.Universal.Runtime.Player.csproj", "{775F9F65-7AA4-BCA0-275C-61F43B63F2B9}"
EndProject
Project("{FAE04EC0-301F-11D3-BF4B-00C04F79EFBC}") = "Unity.Postprocessing.Runtime", "Unity.Postprocessing.Runtime.Player.csproj", "{CC77EF1C-7889-917C-5774-6977BC8E18A0}"
EndProject
Project("{FAE04EC0-301F-11D3-BF4B-00C04F79EFBC}") = "Unity.VisualScripting.Flow", "Unity.VisualScripting.Flow.Player.csproj", "{E8303901-E97D-A07E-C247-DE35EA7140BD}"
EndProject
Project("{FAE04EC0-301F-11D3-BF4B-00C04F79EFBC}") = "Unity.VisualScripting.Core", "Unity.VisualScripting.Core.Player.csproj", "{848C0E0E-5497-E126-7CEC-792AE9679B8F}"
EndProject
Project("{FAE04EC0-301F-11D3-BF4B-00C04F79EFBC}") = "Unity.Animation.Rigging", "Unity.Animation.Rigging.Player.csproj", "{22569BAB-36A8-C56E-C4DF-D876B8DDC8D1}"
EndProject
Project("{FAE04EC0-301F-11D3-BF4B-00C04F79EFBC}") = "Assembly-CSharp", "Assembly-CSharp.Player.csproj", "{DEDC0971-CA79-D4D2-290E-7B544186BD96}"
EndProject
Project("{FAE04EC0-301F-11D3-BF4B-00C04F79EFBC}") = "Unity.TextMeshPro", "Unity.TextMeshPro.Player.csproj", "{AC11961D-13D7-3BE8-9905-912B9AFC9655}"
EndProject
Project("{FAE04EC0-301F-11D3-BF4B-00C04F79EFBC}") = "Unity.Burst", "Unity.Burst.Player.csproj", "{0D41E55D-0628-36CB-C382-D656362058B9}"
EndProject
Project("{FAE04EC0-301F-11D3-BF4B-00C04F79EFBC}") = "Autodesk.Fbx", "Autodesk.Fbx.Player.csproj", "{158DB81B-813A-1BD4-305C-19370D5DCED0}"
EndProject
Project("{FAE04EC0-301F-11D3-BF4B-00C04F79EFBC}") = "Unity.RenderPipeline.Universal.ShaderLibrary", "Unity.RenderPipeline.Universal.ShaderLibrary.Player.csproj", "{8B2896C1-E198-A28B-5E4A-FC65786F2186}"
EndProject
Project("{FAE04EC0-301F-11D3-BF4B-00C04F79EFBC}") = "Cinemachine", "Cinemachine.Player.csproj", "{740926A5-F0CF-965F-1ACC-03122FF6492B}"
EndProject
Project("{FAE04EC0-301F-11D3-BF4B-00C04F79EFBC}") = "Unity.ProBuilder.Poly2Tri", "Unity.ProBuilder.Poly2Tri.Player.csproj", "{02F9B27B-5A28-5B4B-4B43-9D80DC9FFFBD}"
EndProject
Project("{FAE04EC0-301F-11D3-BF4B-00C04F79EFBC}") = "Unity.Polybrush", "Unity.Polybrush.Player.csproj", "{0B3C25B7-2F4D-1B03-AAAF-816D6EEE56C4}"
EndProject
Project("{FAE04EC0-301F-11D3-BF4B-00C04F79EFBC}") = "Unity.ProBuilder", "Unity.ProBuilder.Player.csproj", "{560E9452-858B-1627-FEE7-D121B6B29CE7}"
EndProject
Project("{FAE04EC0-301F-11D3-BF4B-00C04F79EFBC}") = "Unity.Timeline", "Unity.Timeline.Player.csproj", "{37A83C45-DFC5-A15C-3FFD-47DA1B146E5C}"
EndProject
Project("{FAE04EC0-301F-11D3-BF4B-00C04F79EFBC}") = "Unity.Mathematics", "Unity.Mathematics.Player.csproj", "{534C21FF-5755-CA7A-7E28-6E223BAEEDDA}"
EndProject
Project("{FAE04EC0-301F-11D3-BF4B-00C04F79EFBC}") = "Unity.TerrainTools", "Unity.TerrainTools.Player.csproj", "{1B8BD0EC-1D44-566D-5EF1-FE6168A6A151}"
EndProject
Project("{FAE04EC0-301F-11D3-BF4B-00C04F79EFBC}") = "Unity.Recorder", "Unity.Recorder.Player.csproj", "{48F48E43-5FBF-A3ED-75A9-5A688E3A8C57}"
EndProject
Project("{FAE04EC0-301F-11D3-BF4B-00C04F79EFBC}") = "Unity.Formats.Fbx.Runtime", "Unity.Formats.Fbx.Runtime.Player.csproj", "{2376C86A-0E14-E460-02F0-3DAD2E004825}"
EndProject
Project("{FAE04EC0-301F-11D3-BF4B-00C04F79EFBC}") = "Unity.ProBuilder.KdTree", "Unity.ProBuilder.KdTree.Player.csproj", "{06446FC4-6B85-292A-2318-D2795AB6A150}"
EndProject
Project("{FAE04EC0-301F-11D3-BF4B-00C04F79EFBC}") = "Unity.ProBuilder.Csg", "Unity.ProBuilder.Csg.Player.csproj", "{D267C886-5011-83B2-819C-D8C7ACF41E52}"
EndProject
Project("{FAE04EC0-301F-11D3-BF4B-00C04F79EFBC}") = "Unity.ProBuilder.Stl", "Unity.ProBuilder.Stl.Player.csproj", "{C32E3C65-7CAF-A75D-50D5-D843C60C3563}"
EndProject
Project("{FAE04EC0-301F-11D3-BF4B-00C04F79EFBC}") = "Unity.RenderPipelines.ShaderGraph.ShaderGraphLibrary", "Unity.RenderPipelines.ShaderGraph.ShaderGraphLibrary.Player.csproj", "{41DF36AE-A3F8-4BD7-E1BC-A3AE10389B3B}"
EndProject
Project("{FAE04EC0-301F-11D3-BF4B-00C04F79EFBC}") = "Unity.InputSystem.TestFramework", "Unity.InputSystem.TestFramework.Player.csproj", "{21B7F8C4-DF7D-313A-0EC3-9BFC44DA5D0E}"
EndProject
Project("{FAE04EC0-301F-11D3-BF4B-00C04F79EFBC}") = "Unity.RenderPipelines.Core.ShaderLibrary", "Unity.RenderPipelines.Core.ShaderLibrary.Player.csproj", "{CDC7EC4F-66DE-8632-94A6-339B5CF02D10}"
EndProject
Project("{FAE04EC0-301F-11D3-BF4B-00C04F79EFBC}") = "Unity.Recorder.Base", "Unity.Recorder.Base.Player.csproj", "{283A8F68-D4AA-3153-3188-BF6DB275201F}"
EndProject
Project("{FAE04EC0-301F-11D3-BF4B-00C04F79EFBC}") = "FbxBuildTestAssets", "FbxBuildTestAssets.Player.csproj", "{C2900361-6DC7-18FA-CCA0-55737D362DEB}"
EndProject
Project("{FAE04EC0-301F-11D3-BF4B-00C04F79EFBC}") = "Unity.RenderPipelines.Universal.Shaders", "Unity.RenderPipelines.Universal.Shaders.Player.csproj", "{93622C0F-C8CB-11FC-0779-1BD71B07D2DF}"
EndProject
Project("{FAE04EC0-301F-11D3-BF4B-00C04F79EFBC}") = "Unity.2D.IK.Runtime", "Unity.2D.IK.Runtime.Player.csproj", "{E3893488-B394-29A4-289F-65779AD5B73E}"
EndProject
Project("{FAE04EC0-301F-11D3-BF4B-00C04F79EFBC}") = "Unity.2D.Animation.Runtime", "Unity.2D.Animation.Runtime.Player.csproj", "{00B669F3-13EF-00CC-17FA-7C5330F2B9E5}"
EndProject
Project("{FAE04EC0-301F-11D3-BF4B-00C04F79EFBC}") = "Unity.2D.Common.Runtime", "Unity.2D.Common.Runtime.Player.csproj", "{B61473F9-9692-04CE-77FA-852B201E509D}"
EndProject
Project("{FAE04EC0-301F-11D3-BF4B-00C04F79EFBC}") = "Unity.InternalAPIEngineBridge.001", "Unity.InternalAPIEngineBridge.001.Player.csproj", "{D090A877-47A6-F844-EB2B-C3CDC1315C87}"
EndProject
Global
	GlobalSection(SolutionConfigurationPlatforms) = preSolution
		Debug|Any CPU = Debug|Any CPU
		Release|Any CPU = Release|Any CPU
	EndGlobalSection
	GlobalSection(ProjectConfigurationPlatforms) = postSolution
		{CBEE6B05-7AF7-C640-2B89-17E2DDF74CFB}.Debug|Any CPU.ActiveCfg = Debug|Any CPU
		{CBEE6B05-7AF7-C640-2B89-17E2DDF74CFB}.Debug|Any CPU.Build.0 = Debug|Any CPU
		{CBEE6B05-7AF7-C640-2B89-17E2DDF74CFB}.Release|Any CPU.ActiveCfg = Release|Any CPU
		{CBEE6B05-7AF7-C640-2B89-17E2DDF74CFB}.Release|Any CPU.Build.0 = Release|Any CPU
		{BA912CCF-27A1-80B0-C5D1-3A3719BFE23F}.Debug|Any CPU.ActiveCfg = Debug|Any CPU
		{BA912CCF-27A1-80B0-C5D1-3A3719BFE23F}.Debug|Any CPU.Build.0 = Debug|Any CPU
		{BA912CCF-27A1-80B0-C5D1-3A3719BFE23F}.Release|Any CPU.ActiveCfg = Release|Any CPU
		{BA912CCF-27A1-80B0-C5D1-3A3719BFE23F}.Release|Any CPU.Build.0 = Release|Any CPU
		{73135984-F0CA-C2DB-CC7A-8BA443598786}.Debug|Any CPU.ActiveCfg = Debug|Any CPU
		{73135984-F0CA-C2DB-CC7A-8BA443598786}.Debug|Any CPU.Build.0 = Debug|Any CPU
		{73135984-F0CA-C2DB-CC7A-8BA443598786}.Release|Any CPU.ActiveCfg = Release|Any CPU
		{73135984-F0CA-C2DB-CC7A-8BA443598786}.Release|Any CPU.Build.0 = Release|Any CPU
		{FD6DAE5A-FBA7-D464-2183-CE83FA8FAC78}.Debug|Any CPU.ActiveCfg = Debug|Any CPU
		{FD6DAE5A-FBA7-D464-2183-CE83FA8FAC78}.Debug|Any CPU.Build.0 = Debug|Any CPU
		{FD6DAE5A-FBA7-D464-2183-CE83FA8FAC78}.Release|Any CPU.ActiveCfg = Release|Any CPU
		{FD6DAE5A-FBA7-D464-2183-CE83FA8FAC78}.Release|Any CPU.Build.0 = Release|Any CPU
		{F67577C0-CD28-06F3-0B09-8407027F2EA1}.Debug|Any CPU.ActiveCfg = Debug|Any CPU
		{F67577C0-CD28-06F3-0B09-8407027F2EA1}.Debug|Any CPU.Build.0 = Debug|Any CPU
		{F67577C0-CD28-06F3-0B09-8407027F2EA1}.Release|Any CPU.ActiveCfg = Release|Any CPU
		{F67577C0-CD28-06F3-0B09-8407027F2EA1}.Release|Any CPU.Build.0 = Release|Any CPU
		{B178F88C-16A6-41DF-C198-145D1F138C99}.Debug|Any CPU.ActiveCfg = Debug|Any CPU
		{B178F88C-16A6-41DF-C198-145D1F138C99}.Debug|Any CPU.Build.0 = Debug|Any CPU
		{B178F88C-16A6-41DF-C198-145D1F138C99}.Release|Any CPU.ActiveCfg = Release|Any CPU
		{B178F88C-16A6-41DF-C198-145D1F138C99}.Release|Any CPU.Build.0 = Release|Any CPU
		{2FC468FB-17CD-31FB-9442-83BE729956E2}.Debug|Any CPU.ActiveCfg = Debug|Any CPU
		{2FC468FB-17CD-31FB-9442-83BE729956E2}.Debug|Any CPU.Build.0 = Debug|Any CPU
		{2FC468FB-17CD-31FB-9442-83BE729956E2}.Release|Any CPU.ActiveCfg = Release|Any CPU
		{2FC468FB-17CD-31FB-9442-83BE729956E2}.Release|Any CPU.Build.0 = Release|Any CPU
		{1729E215-6F20-AE90-D315-B379715AEE58}.Debug|Any CPU.ActiveCfg = Debug|Any CPU
		{1729E215-6F20-AE90-D315-B379715AEE58}.Debug|Any CPU.Build.0 = Debug|Any CPU
		{1729E215-6F20-AE90-D315-B379715AEE58}.Release|Any CPU.ActiveCfg = Release|Any CPU
		{1729E215-6F20-AE90-D315-B379715AEE58}.Release|Any CPU.Build.0 = Release|Any CPU
		{27163BE0-FF3E-70E6-A93C-F8388C0E660F}.Debug|Any CPU.ActiveCfg = Debug|Any CPU
		{27163BE0-FF3E-70E6-A93C-F8388C0E660F}.Debug|Any CPU.Build.0 = Debug|Any CPU
		{27163BE0-FF3E-70E6-A93C-F8388C0E660F}.Release|Any CPU.ActiveCfg = Release|Any CPU
		{27163BE0-FF3E-70E6-A93C-F8388C0E660F}.Release|Any CPU.Build.0 = Release|Any CPU
		{ED9CC23B-2353-1E57-D884-B8371E546E8D}.Debug|Any CPU.ActiveCfg = Debug|Any CPU
		{ED9CC23B-2353-1E57-D884-B8371E546E8D}.Debug|Any CPU.Build.0 = Debug|Any CPU
		{ED9CC23B-2353-1E57-D884-B8371E546E8D}.Release|Any CPU.ActiveCfg = Release|Any CPU
		{ED9CC23B-2353-1E57-D884-B8371E546E8D}.Release|Any CPU.Build.0 = Release|Any CPU
		{44996401-0BC2-05A4-C38E-06E316D044A7}.Debug|Any CPU.ActiveCfg = Debug|Any CPU
		{44996401-0BC2-05A4-C38E-06E316D044A7}.Debug|Any CPU.Build.0 = Debug|Any CPU
		{44996401-0BC2-05A4-C38E-06E316D044A7}.Release|Any CPU.ActiveCfg = Release|Any CPU
		{44996401-0BC2-05A4-C38E-06E316D044A7}.Release|Any CPU.Build.0 = Release|Any CPU
		{0CBA3812-C756-27E2-074C-4B4F3F1EF117}.Debug|Any CPU.ActiveCfg = Debug|Any CPU
		{0CBA3812-C756-27E2-074C-4B4F3F1EF117}.Debug|Any CPU.Build.0 = Debug|Any CPU
		{0CBA3812-C756-27E2-074C-4B4F3F1EF117}.Release|Any CPU.ActiveCfg = Release|Any CPU
		{0CBA3812-C756-27E2-074C-4B4F3F1EF117}.Release|Any CPU.Build.0 = Release|Any CPU
		{25E38346-69A7-CF0C-6B5C-CAE718DDF832}.Debug|Any CPU.ActiveCfg = Debug|Any CPU
		{25E38346-69A7-CF0C-6B5C-CAE718DDF832}.Debug|Any CPU.Build.0 = Debug|Any CPU
		{25E38346-69A7-CF0C-6B5C-CAE718DDF832}.Release|Any CPU.ActiveCfg = Release|Any CPU
		{25E38346-69A7-CF0C-6B5C-CAE718DDF832}.Release|Any CPU.Build.0 = Release|Any CPU
		{AD951239-00E3-31A1-310D-34855C52596E}.Debug|Any CPU.ActiveCfg = Debug|Any CPU
		{AD951239-00E3-31A1-310D-34855C52596E}.Debug|Any CPU.Build.0 = Debug|Any CPU
		{AD951239-00E3-31A1-310D-34855C52596E}.Release|Any CPU.ActiveCfg = Release|Any CPU
		{AD951239-00E3-31A1-310D-34855C52596E}.Release|Any CPU.Build.0 = Release|Any CPU
		{A6305DFF-5350-A910-6758-32FE6D386DAF}.Debug|Any CPU.ActiveCfg = Debug|Any CPU
		{A6305DFF-5350-A910-6758-32FE6D386DAF}.Debug|Any CPU.Build.0 = Debug|Any CPU
		{A6305DFF-5350-A910-6758-32FE6D386DAF}.Release|Any CPU.ActiveCfg = Release|Any CPU
		{A6305DFF-5350-A910-6758-32FE6D386DAF}.Release|Any CPU.Build.0 = Release|Any CPU
		{617FB85C-05C2-A458-3F21-C656500EE049}.Debug|Any CPU.ActiveCfg = Debug|Any CPU
		{617FB85C-05C2-A458-3F21-C656500EE049}.Debug|Any CPU.Build.0 = Debug|Any CPU
		{617FB85C-05C2-A458-3F21-C656500EE049}.Release|Any CPU.ActiveCfg = Release|Any CPU
		{617FB85C-05C2-A458-3F21-C656500EE049}.Release|Any CPU.Build.0 = Release|Any CPU
		{F311F8E3-2116-EE88-8C40-F2F915BBF68C}.Debug|Any CPU.ActiveCfg = Debug|Any CPU
		{F311F8E3-2116-EE88-8C40-F2F915BBF68C}.Debug|Any CPU.Build.0 = Debug|Any CPU
		{F311F8E3-2116-EE88-8C40-F2F915BBF68C}.Release|Any CPU.ActiveCfg = Release|Any CPU
		{F311F8E3-2116-EE88-8C40-F2F915BBF68C}.Release|Any CPU.Build.0 = Release|Any CPU
		{054A8273-28A4-650E-80A8-9D8F228D9342}.Debug|Any CPU.ActiveCfg = Debug|Any CPU
		{054A8273-28A4-650E-80A8-9D8F228D9342}.Debug|Any CPU.Build.0 = Debug|Any CPU
		{054A8273-28A4-650E-80A8-9D8F228D9342}.Release|Any CPU.ActiveCfg = Release|Any CPU
		{054A8273-28A4-650E-80A8-9D8F228D9342}.Release|Any CPU.Build.0 = Release|Any CPU
		{33C8C2E3-1E1F-D114-1B94-453179E415C0}.Debug|Any CPU.ActiveCfg = Debug|Any CPU
		{33C8C2E3-1E1F-D114-1B94-453179E415C0}.Debug|Any CPU.Build.0 = Debug|Any CPU
		{33C8C2E3-1E1F-D114-1B94-453179E415C0}.Release|Any CPU.ActiveCfg = Release|Any CPU
		{33C8C2E3-1E1F-D114-1B94-453179E415C0}.Release|Any CPU.Build.0 = Release|Any CPU
		{68E37D47-A2A9-E2EE-E481-7B65C1AD8D41}.Debug|Any CPU.ActiveCfg = Debug|Any CPU
		{68E37D47-A2A9-E2EE-E481-7B65C1AD8D41}.Debug|Any CPU.Build.0 = Debug|Any CPU
		{68E37D47-A2A9-E2EE-E481-7B65C1AD8D41}.Release|Any CPU.ActiveCfg = Release|Any CPU
		{68E37D47-A2A9-E2EE-E481-7B65C1AD8D41}.Release|Any CPU.Build.0 = Release|Any CPU
		{7DAEE5A2-749D-FEA5-5EF0-318249597DA7}.Debug|Any CPU.ActiveCfg = Debug|Any CPU
		{7DAEE5A2-749D-FEA5-5EF0-318249597DA7}.Debug|Any CPU.Build.0 = Debug|Any CPU
		{7DAEE5A2-749D-FEA5-5EF0-318249597DA7}.Release|Any CPU.ActiveCfg = Release|Any CPU
		{7DAEE5A2-749D-FEA5-5EF0-318249597DA7}.Release|Any CPU.Build.0 = Release|Any CPU
		{999828B8-8F56-97FC-5745-024ECA2464C1}.Debug|Any CPU.ActiveCfg = Debug|Any CPU
		{999828B8-8F56-97FC-5745-024ECA2464C1}.Debug|Any CPU.Build.0 = Debug|Any CPU
		{999828B8-8F56-97FC-5745-024ECA2464C1}.Release|Any CPU.ActiveCfg = Release|Any CPU
		{999828B8-8F56-97FC-5745-024ECA2464C1}.Release|Any CPU.Build.0 = Release|Any CPU
		{1154844D-4E87-2222-7646-95D7BA43C74E}.Debug|Any CPU.ActiveCfg = Debug|Any CPU
		{1154844D-4E87-2222-7646-95D7BA43C74E}.Debug|Any CPU.Build.0 = Debug|Any CPU
		{1154844D-4E87-2222-7646-95D7BA43C74E}.Release|Any CPU.ActiveCfg = Release|Any CPU
		{1154844D-4E87-2222-7646-95D7BA43C74E}.Release|Any CPU.Build.0 = Release|Any CPU
		{28413EF7-8CEF-A2C0-4A56-982D3C6EB5D7}.Debug|Any CPU.ActiveCfg = Debug|Any CPU
		{28413EF7-8CEF-A2C0-4A56-982D3C6EB5D7}.Debug|Any CPU.Build.0 = Debug|Any CPU
		{28413EF7-8CEF-A2C0-4A56-982D3C6EB5D7}.Release|Any CPU.ActiveCfg = Release|Any CPU
		{28413EF7-8CEF-A2C0-4A56-982D3C6EB5D7}.Release|Any CPU.Build.0 = Release|Any CPU
		{65733094-1791-3943-14D9-7667B26DA9B2}.Debug|Any CPU.ActiveCfg = Debug|Any CPU
		{65733094-1791-3943-14D9-7667B26DA9B2}.Debug|Any CPU.Build.0 = Debug|Any CPU
		{65733094-1791-3943-14D9-7667B26DA9B2}.Release|Any CPU.ActiveCfg = Release|Any CPU
		{65733094-1791-3943-14D9-7667B26DA9B2}.Release|Any CPU.Build.0 = Release|Any CPU
		{4A3DD522-2213-340C-BD9F-9404B2F5835B}.Debug|Any CPU.ActiveCfg = Debug|Any CPU
		{4A3DD522-2213-340C-BD9F-9404B2F5835B}.Debug|Any CPU.Build.0 = Debug|Any CPU
		{4A3DD522-2213-340C-BD9F-9404B2F5835B}.Release|Any CPU.ActiveCfg = Release|Any CPU
		{4A3DD522-2213-340C-BD9F-9404B2F5835B}.Release|Any CPU.Build.0 = Release|Any CPU
		{D8F8D818-04CD-A361-45B5-0B5F0BB34F90}.Debug|Any CPU.ActiveCfg = Debug|Any CPU
		{D8F8D818-04CD-A361-45B5-0B5F0BB34F90}.Debug|Any CPU.Build.0 = Debug|Any CPU
		{D8F8D818-04CD-A361-45B5-0B5F0BB34F90}.Release|Any CPU.ActiveCfg = Release|Any CPU
		{D8F8D818-04CD-A361-45B5-0B5F0BB34F90}.Release|Any CPU.Build.0 = Release|Any CPU
		{18EF7F6A-8586-5A37-7DA6-DA647E7395E1}.Debug|Any CPU.ActiveCfg = Debug|Any CPU
		{18EF7F6A-8586-5A37-7DA6-DA647E7395E1}.Debug|Any CPU.Build.0 = Debug|Any CPU
		{18EF7F6A-8586-5A37-7DA6-DA647E7395E1}.Release|Any CPU.ActiveCfg = Release|Any CPU
		{18EF7F6A-8586-5A37-7DA6-DA647E7395E1}.Release|Any CPU.Build.0 = Release|Any CPU
		{3FDCEF88-8997-0CCD-FFE8-03753ABE0105}.Debug|Any CPU.ActiveCfg = Debug|Any CPU
		{3FDCEF88-8997-0CCD-FFE8-03753ABE0105}.Debug|Any CPU.Build.0 = Debug|Any CPU
		{3FDCEF88-8997-0CCD-FFE8-03753ABE0105}.Release|Any CPU.ActiveCfg = Release|Any CPU
		{3FDCEF88-8997-0CCD-FFE8-03753ABE0105}.Release|Any CPU.Build.0 = Release|Any CPU
		{41326469-021C-31C0-CC6F-6C527930E155}.Debug|Any CPU.ActiveCfg = Debug|Any CPU
		{41326469-021C-31C0-CC6F-6C527930E155}.Debug|Any CPU.Build.0 = Debug|Any CPU
		{41326469-021C-31C0-CC6F-6C527930E155}.Release|Any CPU.ActiveCfg = Release|Any CPU
		{41326469-021C-31C0-CC6F-6C527930E155}.Release|Any CPU.Build.0 = Release|Any CPU
		{15BC07CA-A2AA-5777-AB2B-8071EA002DA3}.Debug|Any CPU.ActiveCfg = Debug|Any CPU
		{15BC07CA-A2AA-5777-AB2B-8071EA002DA3}.Debug|Any CPU.Build.0 = Debug|Any CPU
		{15BC07CA-A2AA-5777-AB2B-8071EA002DA3}.Release|Any CPU.ActiveCfg = Release|Any CPU
		{15BC07CA-A2AA-5777-AB2B-8071EA002DA3}.Release|Any CPU.Build.0 = Release|Any CPU
		{D586EDDC-0EA2-3878-1E1A-A7AE545A52F1}.Debug|Any CPU.ActiveCfg = Debug|Any CPU
		{D586EDDC-0EA2-3878-1E1A-A7AE545A52F1}.Debug|Any CPU.Build.0 = Debug|Any CPU
		{D586EDDC-0EA2-3878-1E1A-A7AE545A52F1}.Release|Any CPU.ActiveCfg = Release|Any CPU
		{D586EDDC-0EA2-3878-1E1A-A7AE545A52F1}.Release|Any CPU.Build.0 = Release|Any CPU
		{44C8D696-941C-60D8-793C-BF203D1108E9}.Debug|Any CPU.ActiveCfg = Debug|Any CPU
		{44C8D696-941C-60D8-793C-BF203D1108E9}.Debug|Any CPU.Build.0 = Debug|Any CPU
		{44C8D696-941C-60D8-793C-BF203D1108E9}.Release|Any CPU.ActiveCfg = Release|Any CPU
		{44C8D696-941C-60D8-793C-BF203D1108E9}.Release|Any CPU.Build.0 = Release|Any CPU
		{D18A0884-3D43-3D7F-B04C-5F6ECDEF3B39}.Debug|Any CPU.ActiveCfg = Debug|Any CPU
		{D18A0884-3D43-3D7F-B04C-5F6ECDEF3B39}.Debug|Any CPU.Build.0 = Debug|Any CPU
		{D18A0884-3D43-3D7F-B04C-5F6ECDEF3B39}.Release|Any CPU.ActiveCfg = Release|Any CPU
		{D18A0884-3D43-3D7F-B04C-5F6ECDEF3B39}.Release|Any CPU.Build.0 = Release|Any CPU
		{8D3FF2CF-AF43-AA57-6497-59276B45CE50}.Debug|Any CPU.ActiveCfg = Debug|Any CPU
		{8D3FF2CF-AF43-AA57-6497-59276B45CE50}.Debug|Any CPU.Build.0 = Debug|Any CPU
		{8D3FF2CF-AF43-AA57-6497-59276B45CE50}.Release|Any CPU.ActiveCfg = Release|Any CPU
		{8D3FF2CF-AF43-AA57-6497-59276B45CE50}.Release|Any CPU.Build.0 = Release|Any CPU
		{73600A34-A169-8E63-2794-92E76644563C}.Debug|Any CPU.ActiveCfg = Debug|Any CPU
		{73600A34-A169-8E63-2794-92E76644563C}.Debug|Any CPU.Build.0 = Debug|Any CPU
		{73600A34-A169-8E63-2794-92E76644563C}.Release|Any CPU.ActiveCfg = Release|Any CPU
		{73600A34-A169-8E63-2794-92E76644563C}.Release|Any CPU.Build.0 = Release|Any CPU
		{F481E86D-ED7E-9B89-9258-301B1523A20E}.Debug|Any CPU.ActiveCfg = Debug|Any CPU
		{F481E86D-ED7E-9B89-9258-301B1523A20E}.Debug|Any CPU.Build.0 = Debug|Any CPU
		{F481E86D-ED7E-9B89-9258-301B1523A20E}.Release|Any CPU.ActiveCfg = Release|Any CPU
		{F481E86D-ED7E-9B89-9258-301B1523A20E}.Release|Any CPU.Build.0 = Release|Any CPU
		{52660B09-A435-BE00-8548-43BFA44ED0F5}.Debug|Any CPU.ActiveCfg = Debug|Any CPU
		{52660B09-A435-BE00-8548-43BFA44ED0F5}.Debug|Any CPU.Build.0 = Debug|Any CPU
		{52660B09-A435-BE00-8548-43BFA44ED0F5}.Release|Any CPU.ActiveCfg = Release|Any CPU
		{52660B09-A435-BE00-8548-43BFA44ED0F5}.Release|Any CPU.Build.0 = Release|Any CPU
		{012D9804-4469-4698-004A-A8F483834564}.Debug|Any CPU.ActiveCfg = Debug|Any CPU
		{012D9804-4469-4698-004A-A8F483834564}.Debug|Any CPU.Build.0 = Debug|Any CPU
		{012D9804-4469-4698-004A-A8F483834564}.Release|Any CPU.ActiveCfg = Release|Any CPU
		{012D9804-4469-4698-004A-A8F483834564}.Release|Any CPU.Build.0 = Release|Any CPU
		{7FD7C2E1-4244-C94C-6AAA-D4123DC3CA4C}.Debug|Any CPU.ActiveCfg = Debug|Any CPU
		{7FD7C2E1-4244-C94C-6AAA-D4123DC3CA4C}.Debug|Any CPU.Build.0 = Debug|Any CPU
		{7FD7C2E1-4244-C94C-6AAA-D4123DC3CA4C}.Release|Any CPU.ActiveCfg = Release|Any CPU
		{7FD7C2E1-4244-C94C-6AAA-D4123DC3CA4C}.Release|Any CPU.Build.0 = Release|Any CPU
		{352CE7A1-8F1D-6A07-6330-1387D51517B6}.Debug|Any CPU.ActiveCfg = Debug|Any CPU
		{352CE7A1-8F1D-6A07-6330-1387D51517B6}.Debug|Any CPU.Build.0 = Debug|Any CPU
		{352CE7A1-8F1D-6A07-6330-1387D51517B6}.Release|Any CPU.ActiveCfg = Release|Any CPU
		{352CE7A1-8F1D-6A07-6330-1387D51517B6}.Release|Any CPU.Build.0 = Release|Any CPU
		{1A5C5831-8CC0-713F-C483-F8D8E729E816}.Debug|Any CPU.ActiveCfg = Debug|Any CPU
		{1A5C5831-8CC0-713F-C483-F8D8E729E816}.Debug|Any CPU.Build.0 = Debug|Any CPU
		{1A5C5831-8CC0-713F-C483-F8D8E729E816}.Release|Any CPU.ActiveCfg = Release|Any CPU
		{1A5C5831-8CC0-713F-C483-F8D8E729E816}.Release|Any CPU.Build.0 = Release|Any CPU
		{F5848CD7-B59D-D08B-7D45-4663026394A1}.Debug|Any CPU.ActiveCfg = Debug|Any CPU
		{F5848CD7-B59D-D08B-7D45-4663026394A1}.Debug|Any CPU.Build.0 = Debug|Any CPU
		{F5848CD7-B59D-D08B-7D45-4663026394A1}.Release|Any CPU.ActiveCfg = Release|Any CPU
		{F5848CD7-B59D-D08B-7D45-4663026394A1}.Release|Any CPU.Build.0 = Release|Any CPU
		{CD882FB8-B577-C938-ADE2-72AD2523A0F6}.Debug|Any CPU.ActiveCfg = Debug|Any CPU
		{CD882FB8-B577-C938-ADE2-72AD2523A0F6}.Debug|Any CPU.Build.0 = Debug|Any CPU
		{CD882FB8-B577-C938-ADE2-72AD2523A0F6}.Release|Any CPU.ActiveCfg = Release|Any CPU
		{CD882FB8-B577-C938-ADE2-72AD2523A0F6}.Release|Any CPU.Build.0 = Release|Any CPU
		{58F749D6-7029-50A1-76C2-058958E46F61}.Debug|Any CPU.ActiveCfg = Debug|Any CPU
		{58F749D6-7029-50A1-76C2-058958E46F61}.Debug|Any CPU.Build.0 = Debug|Any CPU
		{58F749D6-7029-50A1-76C2-058958E46F61}.Release|Any CPU.ActiveCfg = Release|Any CPU
		{58F749D6-7029-50A1-76C2-058958E46F61}.Release|Any CPU.Build.0 = Release|Any CPU
		{9E8FDE04-D431-EB73-B35B-1C51C22CFD7D}.Debug|Any CPU.ActiveCfg = Debug|Any CPU
		{9E8FDE04-D431-EB73-B35B-1C51C22CFD7D}.Debug|Any CPU.Build.0 = Debug|Any CPU
		{9E8FDE04-D431-EB73-B35B-1C51C22CFD7D}.Release|Any CPU.ActiveCfg = Release|Any CPU
		{9E8FDE04-D431-EB73-B35B-1C51C22CFD7D}.Release|Any CPU.Build.0 = Release|Any CPU
		{DBE41FFF-048F-B651-E8D1-D54F5A115450}.Debug|Any CPU.ActiveCfg = Debug|Any CPU
		{DBE41FFF-048F-B651-E8D1-D54F5A115450}.Debug|Any CPU.Build.0 = Debug|Any CPU
		{DBE41FFF-048F-B651-E8D1-D54F5A115450}.Release|Any CPU.ActiveCfg = Release|Any CPU
		{DBE41FFF-048F-B651-E8D1-D54F5A115450}.Release|Any CPU.Build.0 = Release|Any CPU
		{F58D6B48-E967-A9EB-DBEE-9024ABABC921}.Debug|Any CPU.ActiveCfg = Debug|Any CPU
		{F58D6B48-E967-A9EB-DBEE-9024ABABC921}.Debug|Any CPU.Build.0 = Debug|Any CPU
		{F58D6B48-E967-A9EB-DBEE-9024ABABC921}.Release|Any CPU.ActiveCfg = Release|Any CPU
		{F58D6B48-E967-A9EB-DBEE-9024ABABC921}.Release|Any CPU.Build.0 = Release|Any CPU
		{8CE415B8-55AB-B114-9001-A47A932CF073}.Debug|Any CPU.ActiveCfg = Debug|Any CPU
		{8CE415B8-55AB-B114-9001-A47A932CF073}.Debug|Any CPU.Build.0 = Debug|Any CPU
		{8CE415B8-55AB-B114-9001-A47A932CF073}.Release|Any CPU.ActiveCfg = Release|Any CPU
		{8CE415B8-55AB-B114-9001-A47A932CF073}.Release|Any CPU.Build.0 = Release|Any CPU
		{3826D6DA-95E7-A745-3C2B-8399F3F14908}.Debug|Any CPU.ActiveCfg = Debug|Any CPU
		{3826D6DA-95E7-A745-3C2B-8399F3F14908}.Debug|Any CPU.Build.0 = Debug|Any CPU
		{3826D6DA-95E7-A745-3C2B-8399F3F14908}.Release|Any CPU.ActiveCfg = Release|Any CPU
		{3826D6DA-95E7-A745-3C2B-8399F3F14908}.Release|Any CPU.Build.0 = Release|Any CPU
		{AED4B51D-7FA5-305C-D6BA-B61A63AB2FF0}.Debug|Any CPU.ActiveCfg = Debug|Any CPU
		{AED4B51D-7FA5-305C-D6BA-B61A63AB2FF0}.Debug|Any CPU.Build.0 = Debug|Any CPU
		{AED4B51D-7FA5-305C-D6BA-B61A63AB2FF0}.Release|Any CPU.ActiveCfg = Release|Any CPU
		{AED4B51D-7FA5-305C-D6BA-B61A63AB2FF0}.Release|Any CPU.Build.0 = Release|Any CPU
		{79F95D55-6622-212B-D52B-D12773221F04}.Debug|Any CPU.ActiveCfg = Debug|Any CPU
		{79F95D55-6622-212B-D52B-D12773221F04}.Debug|Any CPU.Build.0 = Debug|Any CPU
		{79F95D55-6622-212B-D52B-D12773221F04}.Release|Any CPU.ActiveCfg = Release|Any CPU
		{79F95D55-6622-212B-D52B-D12773221F04}.Release|Any CPU.Build.0 = Release|Any CPU
		{73BF391D-04B4-887F-10A0-9159CC1A2018}.Debug|Any CPU.ActiveCfg = Debug|Any CPU
		{73BF391D-04B4-887F-10A0-9159CC1A2018}.Debug|Any CPU.Build.0 = Debug|Any CPU
		{73BF391D-04B4-887F-10A0-9159CC1A2018}.Release|Any CPU.ActiveCfg = Release|Any CPU
		{73BF391D-04B4-887F-10A0-9159CC1A2018}.Release|Any CPU.Build.0 = Release|Any CPU
		{09BBBD68-6561-85C8-5989-E03F14E4A527}.Debug|Any CPU.ActiveCfg = Debug|Any CPU
		{09BBBD68-6561-85C8-5989-E03F14E4A527}.Debug|Any CPU.Build.0 = Debug|Any CPU
		{09BBBD68-6561-85C8-5989-E03F14E4A527}.Release|Any CPU.ActiveCfg = Release|Any CPU
		{09BBBD68-6561-85C8-5989-E03F14E4A527}.Release|Any CPU.Build.0 = Release|Any CPU
		{EFE6271C-3B7B-3A2E-C340-668348745964}.Debug|Any CPU.ActiveCfg = Debug|Any CPU
		{EFE6271C-3B7B-3A2E-C340-668348745964}.Debug|Any CPU.Build.0 = Debug|Any CPU
		{EFE6271C-3B7B-3A2E-C340-668348745964}.Release|Any CPU.ActiveCfg = Release|Any CPU
		{EFE6271C-3B7B-3A2E-C340-668348745964}.Release|Any CPU.Build.0 = Release|Any CPU
		{ED0D3313-A88E-AECA-5FB4-EEDB0541F2DA}.Debug|Any CPU.ActiveCfg = Debug|Any CPU
		{ED0D3313-A88E-AECA-5FB4-EEDB0541F2DA}.Debug|Any CPU.Build.0 = Debug|Any CPU
		{ED0D3313-A88E-AECA-5FB4-EEDB0541F2DA}.Release|Any CPU.ActiveCfg = Release|Any CPU
		{ED0D3313-A88E-AECA-5FB4-EEDB0541F2DA}.Release|Any CPU.Build.0 = Release|Any CPU
		{26D200B0-3E18-84B3-47D5-11FA9DDD729C}.Debug|Any CPU.ActiveCfg = Debug|Any CPU
		{26D200B0-3E18-84B3-47D5-11FA9DDD729C}.Debug|Any CPU.Build.0 = Debug|Any CPU
		{26D200B0-3E18-84B3-47D5-11FA9DDD729C}.Release|Any CPU.ActiveCfg = Release|Any CPU
		{26D200B0-3E18-84B3-47D5-11FA9DDD729C}.Release|Any CPU.Build.0 = Release|Any CPU
		{5367DB9A-1B4A-772B-7019-C6DCF3C71FF6}.Debug|Any CPU.ActiveCfg = Debug|Any CPU
		{5367DB9A-1B4A-772B-7019-C6DCF3C71FF6}.Debug|Any CPU.Build.0 = Debug|Any CPU
		{5367DB9A-1B4A-772B-7019-C6DCF3C71FF6}.Release|Any CPU.ActiveCfg = Release|Any CPU
		{5367DB9A-1B4A-772B-7019-C6DCF3C71FF6}.Release|Any CPU.Build.0 = Release|Any CPU
		{29613A4B-E1A8-37C5-0D90-F8093376EE22}.Debug|Any CPU.ActiveCfg = Debug|Any CPU
		{29613A4B-E1A8-37C5-0D90-F8093376EE22}.Debug|Any CPU.Build.0 = Debug|Any CPU
		{29613A4B-E1A8-37C5-0D90-F8093376EE22}.Release|Any CPU.ActiveCfg = Release|Any CPU
		{29613A4B-E1A8-37C5-0D90-F8093376EE22}.Release|Any CPU.Build.0 = Release|Any CPU
		{3DA85F89-C464-0C89-F500-C689B1A069BA}.Debug|Any CPU.ActiveCfg = Debug|Any CPU
		{3DA85F89-C464-0C89-F500-C689B1A069BA}.Debug|Any CPU.Build.0 = Debug|Any CPU
		{3DA85F89-C464-0C89-F500-C689B1A069BA}.Release|Any CPU.ActiveCfg = Release|Any CPU
		{3DA85F89-C464-0C89-F500-C689B1A069BA}.Release|Any CPU.Build.0 = Release|Any CPU
		{00D18239-5ED6-EE0B-CF4B-64D55EF69D19}.Debug|Any CPU.ActiveCfg = Debug|Any CPU
		{00D18239-5ED6-EE0B-CF4B-64D55EF69D19}.Debug|Any CPU.Build.0 = Debug|Any CPU
		{00D18239-5ED6-EE0B-CF4B-64D55EF69D19}.Release|Any CPU.ActiveCfg = Release|Any CPU
		{00D18239-5ED6-EE0B-CF4B-64D55EF69D19}.Release|Any CPU.Build.0 = Release|Any CPU
		{46E41265-9625-7294-719E-2C4C04C077F5}.Debug|Any CPU.ActiveCfg = Debug|Any CPU
		{46E41265-9625-7294-719E-2C4C04C077F5}.Debug|Any CPU.Build.0 = Debug|Any CPU
		{46E41265-9625-7294-719E-2C4C04C077F5}.Release|Any CPU.ActiveCfg = Release|Any CPU
		{46E41265-9625-7294-719E-2C4C04C077F5}.Release|Any CPU.Build.0 = Release|Any CPU
		{460FB993-8AC3-FA54-DBB0-EB4094557379}.Debug|Any CPU.ActiveCfg = Debug|Any CPU
		{460FB993-8AC3-FA54-DBB0-EB4094557379}.Debug|Any CPU.Build.0 = Debug|Any CPU
		{460FB993-8AC3-FA54-DBB0-EB4094557379}.Release|Any CPU.ActiveCfg = Release|Any CPU
		{460FB993-8AC3-FA54-DBB0-EB4094557379}.Release|Any CPU.Build.0 = Release|Any CPU
		{6FD330D3-6435-7179-B98E-A47C3A6FEFD9}.Debug|Any CPU.ActiveCfg = Debug|Any CPU
		{6FD330D3-6435-7179-B98E-A47C3A6FEFD9}.Debug|Any CPU.Build.0 = Debug|Any CPU
		{6FD330D3-6435-7179-B98E-A47C3A6FEFD9}.Release|Any CPU.ActiveCfg = Release|Any CPU
		{6FD330D3-6435-7179-B98E-A47C3A6FEFD9}.Release|Any CPU.Build.0 = Release|Any CPU
		{A0BB51A7-28AC-62AE-D8E7-5DC4B179927A}.Debug|Any CPU.ActiveCfg = Debug|Any CPU
		{A0BB51A7-28AC-62AE-D8E7-5DC4B179927A}.Debug|Any CPU.Build.0 = Debug|Any CPU
		{A0BB51A7-28AC-62AE-D8E7-5DC4B179927A}.Release|Any CPU.ActiveCfg = Release|Any CPU
		{A0BB51A7-28AC-62AE-D8E7-5DC4B179927A}.Release|Any CPU.Build.0 = Release|Any CPU
		{5841BD55-7EA0-B5B6-2A7C-6F6FAC6E26FA}.Debug|Any CPU.ActiveCfg = Debug|Any CPU
		{5841BD55-7EA0-B5B6-2A7C-6F6FAC6E26FA}.Debug|Any CPU.Build.0 = Debug|Any CPU
		{5841BD55-7EA0-B5B6-2A7C-6F6FAC6E26FA}.Release|Any CPU.ActiveCfg = Release|Any CPU
		{5841BD55-7EA0-B5B6-2A7C-6F6FAC6E26FA}.Release|Any CPU.Build.0 = Release|Any CPU
		{A9F94CCB-B1D8-F8D7-A7D8-7BF2F94D6BAB}.Debug|Any CPU.ActiveCfg = Debug|Any CPU
		{A9F94CCB-B1D8-F8D7-A7D8-7BF2F94D6BAB}.Debug|Any CPU.Build.0 = Debug|Any CPU
		{A9F94CCB-B1D8-F8D7-A7D8-7BF2F94D6BAB}.Release|Any CPU.ActiveCfg = Release|Any CPU
		{A9F94CCB-B1D8-F8D7-A7D8-7BF2F94D6BAB}.Release|Any CPU.Build.0 = Release|Any CPU
		{DFD7F6CB-E487-20D5-5CFF-CEEC5F5AA8AD}.Debug|Any CPU.ActiveCfg = Debug|Any CPU
		{DFD7F6CB-E487-20D5-5CFF-CEEC5F5AA8AD}.Debug|Any CPU.Build.0 = Debug|Any CPU
		{DFD7F6CB-E487-20D5-5CFF-CEEC5F5AA8AD}.Release|Any CPU.ActiveCfg = Release|Any CPU
		{DFD7F6CB-E487-20D5-5CFF-CEEC5F5AA8AD}.Release|Any CPU.Build.0 = Release|Any CPU
		{275D90BD-DA60-D043-16FF-389FF5841FA1}.Debug|Any CPU.ActiveCfg = Debug|Any CPU
		{275D90BD-DA60-D043-16FF-389FF5841FA1}.Debug|Any CPU.Build.0 = Debug|Any CPU
		{275D90BD-DA60-D043-16FF-389FF5841FA1}.Release|Any CPU.ActiveCfg = Release|Any CPU
		{275D90BD-DA60-D043-16FF-389FF5841FA1}.Release|Any CPU.Build.0 = Release|Any CPU
		{72C48BB5-5B8A-4FB2-F246-7A1EB18B0F32}.Debug|Any CPU.ActiveCfg = Debug|Any CPU
		{72C48BB5-5B8A-4FB2-F246-7A1EB18B0F32}.Debug|Any CPU.Build.0 = Debug|Any CPU
		{72C48BB5-5B8A-4FB2-F246-7A1EB18B0F32}.Release|Any CPU.ActiveCfg = Release|Any CPU
		{72C48BB5-5B8A-4FB2-F246-7A1EB18B0F32}.Release|Any CPU.Build.0 = Release|Any CPU
		{E6E48F3A-C7BD-E408-7266-D07EC1276945}.Debug|Any CPU.ActiveCfg = Debug|Any CPU
		{E6E48F3A-C7BD-E408-7266-D07EC1276945}.Debug|Any CPU.Build.0 = Debug|Any CPU
		{E6E48F3A-C7BD-E408-7266-D07EC1276945}.Release|Any CPU.ActiveCfg = Release|Any CPU
		{E6E48F3A-C7BD-E408-7266-D07EC1276945}.Release|Any CPU.Build.0 = Release|Any CPU
		{F2FE6EBA-1F22-AA08-2335-5FF55FE51A94}.Debug|Any CPU.ActiveCfg = Debug|Any CPU
		{F2FE6EBA-1F22-AA08-2335-5FF55FE51A94}.Debug|Any CPU.Build.0 = Debug|Any CPU
		{F2FE6EBA-1F22-AA08-2335-5FF55FE51A94}.Release|Any CPU.ActiveCfg = Release|Any CPU
		{F2FE6EBA-1F22-AA08-2335-5FF55FE51A94}.Release|Any CPU.Build.0 = Release|Any CPU
		{027E6B91-5020-9996-A1A3-E65A8A8CB0F8}.Debug|Any CPU.ActiveCfg = Debug|Any CPU
		{027E6B91-5020-9996-A1A3-E65A8A8CB0F8}.Debug|Any CPU.Build.0 = Debug|Any CPU
		{027E6B91-5020-9996-A1A3-E65A8A8CB0F8}.Release|Any CPU.ActiveCfg = Release|Any CPU
		{027E6B91-5020-9996-A1A3-E65A8A8CB0F8}.Release|Any CPU.Build.0 = Release|Any CPU
		{BF3529F0-8642-B976-9ADF-0093F8ED7AAE}.Debug|Any CPU.ActiveCfg = Debug|Any CPU
		{BF3529F0-8642-B976-9ADF-0093F8ED7AAE}.Debug|Any CPU.Build.0 = Debug|Any CPU
		{BF3529F0-8642-B976-9ADF-0093F8ED7AAE}.Release|Any CPU.ActiveCfg = Release|Any CPU
		{BF3529F0-8642-B976-9ADF-0093F8ED7AAE}.Release|Any CPU.Build.0 = Release|Any CPU
		{E1338D02-BA15-0A2C-C915-8CE1DE8301F4}.Debug|Any CPU.ActiveCfg = Debug|Any CPU
		{E1338D02-BA15-0A2C-C915-8CE1DE8301F4}.Debug|Any CPU.Build.0 = Debug|Any CPU
		{E1338D02-BA15-0A2C-C915-8CE1DE8301F4}.Release|Any CPU.ActiveCfg = Release|Any CPU
		{E1338D02-BA15-0A2C-C915-8CE1DE8301F4}.Release|Any CPU.Build.0 = Release|Any CPU
		{46E12EB0-00A2-48BB-D6B0-7CF75F58A126}.Debug|Any CPU.ActiveCfg = Debug|Any CPU
		{46E12EB0-00A2-48BB-D6B0-7CF75F58A126}.Debug|Any CPU.Build.0 = Debug|Any CPU
		{46E12EB0-00A2-48BB-D6B0-7CF75F58A126}.Release|Any CPU.ActiveCfg = Release|Any CPU
		{46E12EB0-00A2-48BB-D6B0-7CF75F58A126}.Release|Any CPU.Build.0 = Release|Any CPU
		{98F92E17-48E4-DF36-B0B0-2FEF1542FCA0}.Debug|Any CPU.ActiveCfg = Debug|Any CPU
		{98F92E17-48E4-DF36-B0B0-2FEF1542FCA0}.Debug|Any CPU.Build.0 = Debug|Any CPU
		{98F92E17-48E4-DF36-B0B0-2FEF1542FCA0}.Release|Any CPU.ActiveCfg = Release|Any CPU
		{98F92E17-48E4-DF36-B0B0-2FEF1542FCA0}.Release|Any CPU.Build.0 = Release|Any CPU
		{3F3C2A72-FC5A-E6F9-3835-6C1FCB92A859}.Debug|Any CPU.ActiveCfg = Debug|Any CPU
		{3F3C2A72-FC5A-E6F9-3835-6C1FCB92A859}.Debug|Any CPU.Build.0 = Debug|Any CPU
		{3F3C2A72-FC5A-E6F9-3835-6C1FCB92A859}.Release|Any CPU.ActiveCfg = Release|Any CPU
		{3F3C2A72-FC5A-E6F9-3835-6C1FCB92A859}.Release|Any CPU.Build.0 = Release|Any CPU
		{8C143161-28CF-763E-8780-BEEEA8118272}.Debug|Any CPU.ActiveCfg = Debug|Any CPU
		{8C143161-28CF-763E-8780-BEEEA8118272}.Debug|Any CPU.Build.0 = Debug|Any CPU
		{8C143161-28CF-763E-8780-BEEEA8118272}.Release|Any CPU.ActiveCfg = Release|Any CPU
		{8C143161-28CF-763E-8780-BEEEA8118272}.Release|Any CPU.Build.0 = Release|Any CPU
		{83027A5D-3240-8262-2431-B1D23289A910}.Debug|Any CPU.ActiveCfg = Debug|Any CPU
		{83027A5D-3240-8262-2431-B1D23289A910}.Debug|Any CPU.Build.0 = Debug|Any CPU
		{83027A5D-3240-8262-2431-B1D23289A910}.Release|Any CPU.ActiveCfg = Release|Any CPU
		{83027A5D-3240-8262-2431-B1D23289A910}.Release|Any CPU.Build.0 = Release|Any CPU
		{EC4B1C98-AE7F-F332-84F7-9B1463788A69}.Debug|Any CPU.ActiveCfg = Debug|Any CPU
		{EC4B1C98-AE7F-F332-84F7-9B1463788A69}.Debug|Any CPU.Build.0 = Debug|Any CPU
		{EC4B1C98-AE7F-F332-84F7-9B1463788A69}.Release|Any CPU.ActiveCfg = Release|Any CPU
		{EC4B1C98-AE7F-F332-84F7-9B1463788A69}.Release|Any CPU.Build.0 = Release|Any CPU
		{208079EB-1A7F-D9C7-E67C-18941EBEEE9B}.Debug|Any CPU.ActiveCfg = Debug|Any CPU
		{208079EB-1A7F-D9C7-E67C-18941EBEEE9B}.Debug|Any CPU.Build.0 = Debug|Any CPU
		{208079EB-1A7F-D9C7-E67C-18941EBEEE9B}.Release|Any CPU.ActiveCfg = Release|Any CPU
		{208079EB-1A7F-D9C7-E67C-18941EBEEE9B}.Release|Any CPU.Build.0 = Release|Any CPU
		{4CBE64AE-E7A3-6B1D-E5BE-740398CB46F4}.Debug|Any CPU.ActiveCfg = Debug|Any CPU
		{4CBE64AE-E7A3-6B1D-E5BE-740398CB46F4}.Debug|Any CPU.Build.0 = Debug|Any CPU
		{4CBE64AE-E7A3-6B1D-E5BE-740398CB46F4}.Release|Any CPU.ActiveCfg = Release|Any CPU
		{4CBE64AE-E7A3-6B1D-E5BE-740398CB46F4}.Release|Any CPU.Build.0 = Release|Any CPU
		{8C66BCFF-3586-0F37-0680-D570B2AF8DC3}.Debug|Any CPU.ActiveCfg = Debug|Any CPU
		{8C66BCFF-3586-0F37-0680-D570B2AF8DC3}.Debug|Any CPU.Build.0 = Debug|Any CPU
		{8C66BCFF-3586-0F37-0680-D570B2AF8DC3}.Release|Any CPU.ActiveCfg = Release|Any CPU
		{8C66BCFF-3586-0F37-0680-D570B2AF8DC3}.Release|Any CPU.Build.0 = Release|Any CPU
		{4831C948-A251-FD1A-AF15-0D78695C852E}.Debug|Any CPU.ActiveCfg = Debug|Any CPU
		{4831C948-A251-FD1A-AF15-0D78695C852E}.Debug|Any CPU.Build.0 = Debug|Any CPU
		{4831C948-A251-FD1A-AF15-0D78695C852E}.Release|Any CPU.ActiveCfg = Release|Any CPU
		{4831C948-A251-FD1A-AF15-0D78695C852E}.Release|Any CPU.Build.0 = Release|Any CPU
		{917037E3-4980-34E7-C01D-949FAF10AB05}.Debug|Any CPU.ActiveCfg = Debug|Any CPU
		{917037E3-4980-34E7-C01D-949FAF10AB05}.Debug|Any CPU.Build.0 = Debug|Any CPU
		{917037E3-4980-34E7-C01D-949FAF10AB05}.Release|Any CPU.ActiveCfg = Release|Any CPU
		{917037E3-4980-34E7-C01D-949FAF10AB05}.Release|Any CPU.Build.0 = Release|Any CPU
		{35BA75D7-AA17-C99D-8C12-2E91D7994E88}.Debug|Any CPU.ActiveCfg = Debug|Any CPU
		{35BA75D7-AA17-C99D-8C12-2E91D7994E88}.Debug|Any CPU.Build.0 = Debug|Any CPU
		{35BA75D7-AA17-C99D-8C12-2E91D7994E88}.Release|Any CPU.ActiveCfg = Release|Any CPU
		{35BA75D7-AA17-C99D-8C12-2E91D7994E88}.Release|Any CPU.Build.0 = Release|Any CPU
		{D7822626-61FF-50EC-F7D3-6DA280772880}.Debug|Any CPU.ActiveCfg = Debug|Any CPU
		{D7822626-61FF-50EC-F7D3-6DA280772880}.Debug|Any CPU.Build.0 = Debug|Any CPU
		{D7822626-61FF-50EC-F7D3-6DA280772880}.Release|Any CPU.ActiveCfg = Release|Any CPU
		{D7822626-61FF-50EC-F7D3-6DA280772880}.Release|Any CPU.Build.0 = Release|Any CPU
		{04DBC491-9BDB-A559-1570-E95DF5C64D5D}.Debug|Any CPU.ActiveCfg = Debug|Any CPU
		{04DBC491-9BDB-A559-1570-E95DF5C64D5D}.Debug|Any CPU.Build.0 = Debug|Any CPU
		{04DBC491-9BDB-A559-1570-E95DF5C64D5D}.Release|Any CPU.ActiveCfg = Release|Any CPU
		{04DBC491-9BDB-A559-1570-E95DF5C64D5D}.Release|Any CPU.Build.0 = Release|Any CPU
		{775F9F65-7AA4-BCA0-275C-61F43B63F2B9}.Debug|Any CPU.ActiveCfg = Debug|Any CPU
		{775F9F65-7AA4-BCA0-275C-61F43B63F2B9}.Debug|Any CPU.Build.0 = Debug|Any CPU
		{775F9F65-7AA4-BCA0-275C-61F43B63F2B9}.Release|Any CPU.ActiveCfg = Release|Any CPU
		{775F9F65-7AA4-BCA0-275C-61F43B63F2B9}.Release|Any CPU.Build.0 = Release|Any CPU
		{CC77EF1C-7889-917C-5774-6977BC8E18A0}.Debug|Any CPU.ActiveCfg = Debug|Any CPU
		{CC77EF1C-7889-917C-5774-6977BC8E18A0}.Debug|Any CPU.Build.0 = Debug|Any CPU
		{CC77EF1C-7889-917C-5774-6977BC8E18A0}.Release|Any CPU.ActiveCfg = Release|Any CPU
		{CC77EF1C-7889-917C-5774-6977BC8E18A0}.Release|Any CPU.Build.0 = Release|Any CPU
		{E8303901-E97D-A07E-C247-DE35EA7140BD}.Debug|Any CPU.ActiveCfg = Debug|Any CPU
		{E8303901-E97D-A07E-C247-DE35EA7140BD}.Debug|Any CPU.Build.0 = Debug|Any CPU
		{E8303901-E97D-A07E-C247-DE35EA7140BD}.Release|Any CPU.ActiveCfg = Release|Any CPU
		{E8303901-E97D-A07E-C247-DE35EA7140BD}.Release|Any CPU.Build.0 = Release|Any CPU
		{848C0E0E-5497-E126-7CEC-792AE9679B8F}.Debug|Any CPU.ActiveCfg = Debug|Any CPU
		{848C0E0E-5497-E126-7CEC-792AE9679B8F}.Debug|Any CPU.Build.0 = Debug|Any CPU
		{848C0E0E-5497-E126-7CEC-792AE9679B8F}.Release|Any CPU.ActiveCfg = Release|Any CPU
		{848C0E0E-5497-E126-7CEC-792AE9679B8F}.Release|Any CPU.Build.0 = Release|Any CPU
		{22569BAB-36A8-C56E-C4DF-D876B8DDC8D1}.Debug|Any CPU.ActiveCfg = Debug|Any CPU
		{22569BAB-36A8-C56E-C4DF-D876B8DDC8D1}.Debug|Any CPU.Build.0 = Debug|Any CPU
		{22569BAB-36A8-C56E-C4DF-D876B8DDC8D1}.Release|Any CPU.ActiveCfg = Release|Any CPU
		{22569BAB-36A8-C56E-C4DF-D876B8DDC8D1}.Release|Any CPU.Build.0 = Release|Any CPU
		{DEDC0971-CA79-D4D2-290E-7B544186BD96}.Debug|Any CPU.ActiveCfg = Debug|Any CPU
		{DEDC0971-CA79-D4D2-290E-7B544186BD96}.Debug|Any CPU.Build.0 = Debug|Any CPU
		{DEDC0971-CA79-D4D2-290E-7B544186BD96}.Release|Any CPU.ActiveCfg = Release|Any CPU
		{DEDC0971-CA79-D4D2-290E-7B544186BD96}.Release|Any CPU.Build.0 = Release|Any CPU
		{AC11961D-13D7-3BE8-9905-912B9AFC9655}.Debug|Any CPU.ActiveCfg = Debug|Any CPU
		{AC11961D-13D7-3BE8-9905-912B9AFC9655}.Debug|Any CPU.Build.0 = Debug|Any CPU
		{AC11961D-13D7-3BE8-9905-912B9AFC9655}.Release|Any CPU.ActiveCfg = Release|Any CPU
		{AC11961D-13D7-3BE8-9905-912B9AFC9655}.Release|Any CPU.Build.0 = Release|Any CPU
		{0D41E55D-0628-36CB-C382-D656362058B9}.Debug|Any CPU.ActiveCfg = Debug|Any CPU
		{0D41E55D-0628-36CB-C382-D656362058B9}.Debug|Any CPU.Build.0 = Debug|Any CPU
		{0D41E55D-0628-36CB-C382-D656362058B9}.Release|Any CPU.ActiveCfg = Release|Any CPU
		{0D41E55D-0628-36CB-C382-D656362058B9}.Release|Any CPU.Build.0 = Release|Any CPU
		{158DB81B-813A-1BD4-305C-19370D5DCED0}.Debug|Any CPU.ActiveCfg = Debug|Any CPU
		{158DB81B-813A-1BD4-305C-19370D5DCED0}.Debug|Any CPU.Build.0 = Debug|Any CPU
		{158DB81B-813A-1BD4-305C-19370D5DCED0}.Release|Any CPU.ActiveCfg = Release|Any CPU
		{158DB81B-813A-1BD4-305C-19370D5DCED0}.Release|Any CPU.Build.0 = Release|Any CPU
		{8B2896C1-E198-A28B-5E4A-FC65786F2186}.Debug|Any CPU.ActiveCfg = Debug|Any CPU
		{8B2896C1-E198-A28B-5E4A-FC65786F2186}.Debug|Any CPU.Build.0 = Debug|Any CPU
		{8B2896C1-E198-A28B-5E4A-FC65786F2186}.Release|Any CPU.ActiveCfg = Release|Any CPU
		{8B2896C1-E198-A28B-5E4A-FC65786F2186}.Release|Any CPU.Build.0 = Release|Any CPU
		{740926A5-F0CF-965F-1ACC-03122FF6492B}.Debug|Any CPU.ActiveCfg = Debug|Any CPU
		{740926A5-F0CF-965F-1ACC-03122FF6492B}.Debug|Any CPU.Build.0 = Debug|Any CPU
		{740926A5-F0CF-965F-1ACC-03122FF6492B}.Release|Any CPU.ActiveCfg = Release|Any CPU
		{740926A5-F0CF-965F-1ACC-03122FF6492B}.Release|Any CPU.Build.0 = Release|Any CPU
		{02F9B27B-5A28-5B4B-4B43-9D80DC9FFFBD}.Debug|Any CPU.ActiveCfg = Debug|Any CPU
		{02F9B27B-5A28-5B4B-4B43-9D80DC9FFFBD}.Debug|Any CPU.Build.0 = Debug|Any CPU
		{02F9B27B-5A28-5B4B-4B43-9D80DC9FFFBD}.Release|Any CPU.ActiveCfg = Release|Any CPU
		{02F9B27B-5A28-5B4B-4B43-9D80DC9FFFBD}.Release|Any CPU.Build.0 = Release|Any CPU
		{0B3C25B7-2F4D-1B03-AAAF-816D6EEE56C4}.Debug|Any CPU.ActiveCfg = Debug|Any CPU
		{0B3C25B7-2F4D-1B03-AAAF-816D6EEE56C4}.Debug|Any CPU.Build.0 = Debug|Any CPU
		{0B3C25B7-2F4D-1B03-AAAF-816D6EEE56C4}.Release|Any CPU.ActiveCfg = Release|Any CPU
		{0B3C25B7-2F4D-1B03-AAAF-816D6EEE56C4}.Release|Any CPU.Build.0 = Release|Any CPU
		{560E9452-858B-1627-FEE7-D121B6B29CE7}.Debug|Any CPU.ActiveCfg = Debug|Any CPU
		{560E9452-858B-1627-FEE7-D121B6B29CE7}.Debug|Any CPU.Build.0 = Debug|Any CPU
		{560E9452-858B-1627-FEE7-D121B6B29CE7}.Release|Any CPU.ActiveCfg = Release|Any CPU
		{560E9452-858B-1627-FEE7-D121B6B29CE7}.Release|Any CPU.Build.0 = Release|Any CPU
		{37A83C45-DFC5-A15C-3FFD-47DA1B146E5C}.Debug|Any CPU.ActiveCfg = Debug|Any CPU
		{37A83C45-DFC5-A15C-3FFD-47DA1B146E5C}.Debug|Any CPU.Build.0 = Debug|Any CPU
		{37A83C45-DFC5-A15C-3FFD-47DA1B146E5C}.Release|Any CPU.ActiveCfg = Release|Any CPU
		{37A83C45-DFC5-A15C-3FFD-47DA1B146E5C}.Release|Any CPU.Build.0 = Release|Any CPU
		{534C21FF-5755-CA7A-7E28-6E223BAEEDDA}.Debug|Any CPU.ActiveCfg = Debug|Any CPU
		{534C21FF-5755-CA7A-7E28-6E223BAEEDDA}.Debug|Any CPU.Build.0 = Debug|Any CPU
		{534C21FF-5755-CA7A-7E28-6E223BAEEDDA}.Release|Any CPU.ActiveCfg = Release|Any CPU
		{534C21FF-5755-CA7A-7E28-6E223BAEEDDA}.Release|Any CPU.Build.0 = Release|Any CPU
		{1B8BD0EC-1D44-566D-5EF1-FE6168A6A151}.Debug|Any CPU.ActiveCfg = Debug|Any CPU
		{1B8BD0EC-1D44-566D-5EF1-FE6168A6A151}.Debug|Any CPU.Build.0 = Debug|Any CPU
		{1B8BD0EC-1D44-566D-5EF1-FE6168A6A151}.Release|Any CPU.ActiveCfg = Release|Any CPU
		{1B8BD0EC-1D44-566D-5EF1-FE6168A6A151}.Release|Any CPU.Build.0 = Release|Any CPU
		{48F48E43-5FBF-A3ED-75A9-5A688E3A8C57}.Debug|Any CPU.ActiveCfg = Debug|Any CPU
		{48F48E43-5FBF-A3ED-75A9-5A688E3A8C57}.Debug|Any CPU.Build.0 = Debug|Any CPU
		{48F48E43-5FBF-A3ED-75A9-5A688E3A8C57}.Release|Any CPU.ActiveCfg = Release|Any CPU
		{48F48E43-5FBF-A3ED-75A9-5A688E3A8C57}.Release|Any CPU.Build.0 = Release|Any CPU
		{2376C86A-0E14-E460-02F0-3DAD2E004825}.Debug|Any CPU.ActiveCfg = Debug|Any CPU
		{2376C86A-0E14-E460-02F0-3DAD2E004825}.Debug|Any CPU.Build.0 = Debug|Any CPU
		{2376C86A-0E14-E460-02F0-3DAD2E004825}.Release|Any CPU.ActiveCfg = Release|Any CPU
		{2376C86A-0E14-E460-02F0-3DAD2E004825}.Release|Any CPU.Build.0 = Release|Any CPU
		{06446FC4-6B85-292A-2318-D2795AB6A150}.Debug|Any CPU.ActiveCfg = Debug|Any CPU
		{06446FC4-6B85-292A-2318-D2795AB6A150}.Debug|Any CPU.Build.0 = Debug|Any CPU
		{06446FC4-6B85-292A-2318-D2795AB6A150}.Release|Any CPU.ActiveCfg = Release|Any CPU
		{06446FC4-6B85-292A-2318-D2795AB6A150}.Release|Any CPU.Build.0 = Release|Any CPU
		{D267C886-5011-83B2-819C-D8C7ACF41E52}.Debug|Any CPU.ActiveCfg = Debug|Any CPU
		{D267C886-5011-83B2-819C-D8C7ACF41E52}.Debug|Any CPU.Build.0 = Debug|Any CPU
		{D267C886-5011-83B2-819C-D8C7ACF41E52}.Release|Any CPU.ActiveCfg = Release|Any CPU
		{D267C886-5011-83B2-819C-D8C7ACF41E52}.Release|Any CPU.Build.0 = Release|Any CPU
		{C32E3C65-7CAF-A75D-50D5-D843C60C3563}.Debug|Any CPU.ActiveCfg = Debug|Any CPU
		{C32E3C65-7CAF-A75D-50D5-D843C60C3563}.Debug|Any CPU.Build.0 = Debug|Any CPU
		{C32E3C65-7CAF-A75D-50D5-D843C60C3563}.Release|Any CPU.ActiveCfg = Release|Any CPU
		{C32E3C65-7CAF-A75D-50D5-D843C60C3563}.Release|Any CPU.Build.0 = Release|Any CPU
		{41DF36AE-A3F8-4BD7-E1BC-A3AE10389B3B}.Debug|Any CPU.ActiveCfg = Debug|Any CPU
		{41DF36AE-A3F8-4BD7-E1BC-A3AE10389B3B}.Debug|Any CPU.Build.0 = Debug|Any CPU
		{41DF36AE-A3F8-4BD7-E1BC-A3AE10389B3B}.Release|Any CPU.ActiveCfg = Release|Any CPU
		{41DF36AE-A3F8-4BD7-E1BC-A3AE10389B3B}.Release|Any CPU.Build.0 = Release|Any CPU
		{21B7F8C4-DF7D-313A-0EC3-9BFC44DA5D0E}.Debug|Any CPU.ActiveCfg = Debug|Any CPU
		{21B7F8C4-DF7D-313A-0EC3-9BFC44DA5D0E}.Debug|Any CPU.Build.0 = Debug|Any CPU
		{21B7F8C4-DF7D-313A-0EC3-9BFC44DA5D0E}.Release|Any CPU.ActiveCfg = Release|Any CPU
		{21B7F8C4-DF7D-313A-0EC3-9BFC44DA5D0E}.Release|Any CPU.Build.0 = Release|Any CPU
		{CDC7EC4F-66DE-8632-94A6-339B5CF02D10}.Debug|Any CPU.ActiveCfg = Debug|Any CPU
		{CDC7EC4F-66DE-8632-94A6-339B5CF02D10}.Debug|Any CPU.Build.0 = Debug|Any CPU
		{CDC7EC4F-66DE-8632-94A6-339B5CF02D10}.Release|Any CPU.ActiveCfg = Release|Any CPU
		{CDC7EC4F-66DE-8632-94A6-339B5CF02D10}.Release|Any CPU.Build.0 = Release|Any CPU
		{283A8F68-D4AA-3153-3188-BF6DB275201F}.Debug|Any CPU.ActiveCfg = Debug|Any CPU
		{283A8F68-D4AA-3153-3188-BF6DB275201F}.Debug|Any CPU.Build.0 = Debug|Any CPU
		{283A8F68-D4AA-3153-3188-BF6DB275201F}.Release|Any CPU.ActiveCfg = Release|Any CPU
		{283A8F68-D4AA-3153-3188-BF6DB275201F}.Release|Any CPU.Build.0 = Release|Any CPU
		{C2900361-6DC7-18FA-CCA0-55737D362DEB}.Debug|Any CPU.ActiveCfg = Debug|Any CPU
		{C2900361-6DC7-18FA-CCA0-55737D362DEB}.Debug|Any CPU.Build.0 = Debug|Any CPU
		{C2900361-6DC7-18FA-CCA0-55737D362DEB}.Release|Any CPU.ActiveCfg = Release|Any CPU
		{C2900361-6DC7-18FA-CCA0-55737D362DEB}.Release|Any CPU.Build.0 = Release|Any CPU
		{93622C0F-C8CB-11FC-0779-1BD71B07D2DF}.Debug|Any CPU.ActiveCfg = Debug|Any CPU
		{93622C0F-C8CB-11FC-0779-1BD71B07D2DF}.Debug|Any CPU.Build.0 = Debug|Any CPU
		{93622C0F-C8CB-11FC-0779-1BD71B07D2DF}.Release|Any CPU.ActiveCfg = Release|Any CPU
		{93622C0F-C8CB-11FC-0779-1BD71B07D2DF}.Release|Any CPU.Build.0 = Release|Any CPU
		{E3893488-B394-29A4-289F-65779AD5B73E}.Debug|Any CPU.ActiveCfg = Debug|Any CPU
		{E3893488-B394-29A4-289F-65779AD5B73E}.Debug|Any CPU.Build.0 = Debug|Any CPU
		{E3893488-B394-29A4-289F-65779AD5B73E}.Release|Any CPU.ActiveCfg = Release|Any CPU
		{E3893488-B394-29A4-289F-65779AD5B73E}.Release|Any CPU.Build.0 = Release|Any CPU
		{00B669F3-13EF-00CC-17FA-7C5330F2B9E5}.Debug|Any CPU.ActiveCfg = Debug|Any CPU
		{00B669F3-13EF-00CC-17FA-7C5330F2B9E5}.Debug|Any CPU.Build.0 = Debug|Any CPU
		{00B669F3-13EF-00CC-17FA-7C5330F2B9E5}.Release|Any CPU.ActiveCfg = Release|Any CPU
		{00B669F3-13EF-00CC-17FA-7C5330F2B9E5}.Release|Any CPU.Build.0 = Release|Any CPU
		{B61473F9-9692-04CE-77FA-852B201E509D}.Debug|Any CPU.ActiveCfg = Debug|Any CPU
		{B61473F9-9692-04CE-77FA-852B201E509D}.Debug|Any CPU.Build.0 = Debug|Any CPU
		{B61473F9-9692-04CE-77FA-852B201E509D}.Release|Any CPU.ActiveCfg = Release|Any CPU
		{B61473F9-9692-04CE-77FA-852B201E509D}.Release|Any CPU.Build.0 = Release|Any CPU
		{D090A877-47A6-F844-EB2B-C3CDC1315C87}.Debug|Any CPU.ActiveCfg = Debug|Any CPU
		{D090A877-47A6-F844-EB2B-C3CDC1315C87}.Debug|Any CPU.Build.0 = Debug|Any CPU
		{D090A877-47A6-F844-EB2B-C3CDC1315C87}.Release|Any CPU.ActiveCfg = Release|Any CPU
		{D090A877-47A6-F844-EB2B-C3CDC1315C87}.Release|Any CPU.Build.0 = Release|Any CPU
	EndGlobalSection
	GlobalSection(SolutionProperties) = preSolution
		HideSolutionNode = FALSE
	EndGlobalSection
EndGlobal
